
Microsoft Visual Studio Solution File, Format Version 12.00
# Visual Studio Version 17
VisualStudioVersion = 17.2.32519.379
MinimumVisualStudioVersion = 10.0.40219.1
Project("{8BC9CEB8-8B4A-11D0-8D11-00A0C91BC942}") = "MFCSDKOpencv", "MFCSDKOpencv\MFCSDKOpencv.vcxproj", "{BA711354-234F-484A-BDF2-16F4489FF358}"
EndProject
Global
	GlobalSection(SolutionConfigurationPlatforms) = preSolution
		Debug|x64 = Debug|x64
		Debug|x86 = Debug|x86
		Release|x64 = Release|x64
		Release|x86 = Release|x86
	EndGlobalSection
	GlobalSection(ProjectConfigurationPlatforms) = postSolution
		{BA711354-234F-484A-BDF2-16F4489FF358}.Debug|x64.ActiveCfg = Debug|x64
		{BA711354-234F-484A-BDF2-16F4489FF358}.Debug|x64.Build.0 = Debug|x64
		{BA711354-234F-484A-BDF2-16F4489FF358}.Debug|x86.ActiveCfg = Debug|Win32
		{BA711354-234F-484A-BDF2-16F4489FF358}.Debug|x86.Build.0 = Debug|Win32
		{BA711354-234F-484A-BDF2-16F4489FF358}.Release|x64.ActiveCfg = Release|x64
		{BA711354-234F-484A-BDF2-16F4489FF358}.Release|x64.Build.0 = Release|x64
		{BA711354-234F-484A-BDF2-16F4489FF358}.Release|x86.ActiveCfg = Release|Win32
		{BA711354-234F-484A-BDF2-16F4489FF358}.Release|x86.Build.0 = Release|Win32
	EndGlobalSection
	GlobalSection(SolutionProperties) = preSolution
		HideSolutionNode = FALSE
	EndGlobalSection
	GlobalSection(ExtensibilityGlobals) = postSolution
		SolutionGuid = {19A07B98-99AB-4774-AC78-0603F46AAA69}
	EndGlobalSection
EndGlobal
